
Microsoft Visual Studio Solution File, Format Version 12.00
# Visual Studio Version 17
VisualStudioVersion = 17.5.33424.131
MinimumVisualStudioVersion = 10.0.40219.1
Project("{FAE04EC0-301F-11D3-BF4B-00C04F79EFBC}") = "ISpan2023.EStore.WinAPP", "ISpan2023.EStore.WinAPP\ISpan2023.EStore.WinAPP.csproj", "{F7AE83DB-7566-44AB-8E91-EA4E2E412087}"
EndProject
Project("{FAE04EC0-301F-11D3-BF4B-00C04F79EFBC}") = "ISpan2023.EStore.SqlDataLayer", "ISpan2023.EStore.SqlDataLayer\ISpan2023.EStore.SqlDataLayer.csproj", "{48E4FA94-931F-4A9C-8B37-59BFB2311936}"
EndProject
Project("{FAE04EC0-301F-11D3-BF4B-00C04F79EFBC}") = "ConsoleApp1", "ConsoleApp1\ConsoleApp1.csproj", "{1DFDD196-2C1D-4CC8-AAC4-2C074AFD3D16}"
EndProject
Project("{FAE04EC0-301F-11D3-BF4B-00C04F79EFBC}") = "ConsoleApp2", "ConsoleApp2\ConsoleApp2.csproj", "{374848A0-4B8A-4953-AD1B-3BE7B2017E12}"
EndProject
Project("{FAE04EC0-301F-11D3-BF4B-00C04F79EFBC}") = "ISPan.MultiLayers.WinApp", "ISPan.MultiLayers.WinApp\ISPan.MultiLayers.WinApp.csproj", "{3D1F5027-3F6E-46E5-949D-9EC06E8D4D83}"
EndProject
Global
	GlobalSection(SolutionConfigurationPlatforms) = preSolution
		Debug|Any CPU = Debug|Any CPU
		Release|Any CPU = Release|Any CPU
	EndGlobalSection
	GlobalSection(ProjectConfigurationPlatforms) = postSolution
		{F7AE83DB-7566-44AB-8E91-EA4E2E412087}.Debug|Any CPU.ActiveCfg = Debug|Any CPU
		{F7AE83DB-7566-44AB-8E91-EA4E2E412087}.Debug|Any CPU.Build.0 = Debug|Any CPU
		{F7AE83DB-7566-44AB-8E91-EA4E2E412087}.Release|Any CPU.ActiveCfg = Release|Any CPU
		{F7AE83DB-7566-44AB-8E91-EA4E2E412087}.Release|Any CPU.Build.0 = Release|Any CPU
		{48E4FA94-931F-4A9C-8B37-59BFB2311936}.Debug|Any CPU.ActiveCfg = Debug|Any CPU
		{48E4FA94-931F-4A9C-8B37-59BFB2311936}.Debug|Any CPU.Build.0 = Debug|Any CPU
		{48E4FA94-931F-4A9C-8B37-59BFB2311936}.Release|Any CPU.ActiveCfg = Release|Any CPU
		{48E4FA94-931F-4A9C-8B37-59BFB2311936}.Release|Any CPU.Build.0 = Release|Any CPU
		{1DFDD196-2C1D-4CC8-AAC4-2C074AFD3D16}.Debug|Any CPU.ActiveCfg = Debug|Any CPU
		{1DFDD196-2C1D-4CC8-AAC4-2C074AFD3D16}.Debug|Any CPU.Build.0 = Debug|Any CPU
		{1DFDD196-2C1D-4CC8-AAC4-2C074AFD3D16}.Release|Any CPU.ActiveCfg = Release|Any CPU
		{1DFDD196-2C1D-4CC8-AAC4-2C074AFD3D16}.Release|Any CPU.Build.0 = Release|Any CPU
		{374848A0-4B8A-4953-AD1B-3BE7B2017E12}.Debug|Any CPU.ActiveCfg = Debug|Any CPU
		{374848A0-4B8A-4953-AD1B-3BE7B2017E12}.Debug|Any CPU.Build.0 = Debug|Any CPU
		{374848A0-4B8A-4953-AD1B-3BE7B2017E12}.Release|Any CPU.ActiveCfg = Release|Any CPU
		{374848A0-4B8A-4953-AD1B-3BE7B2017E12}.Release|Any CPU.Build.0 = Release|Any CPU
		{3D1F5027-3F6E-46E5-949D-9EC06E8D4D83}.Debug|Any CPU.ActiveCfg = Debug|Any CPU
		{3D1F5027-3F6E-46E5-949D-9EC06E8D4D83}.Debug|Any CPU.Build.0 = Debug|Any CPU
		{3D1F5027-3F6E-46E5-949D-9EC06E8D4D83}.Release|Any CPU.ActiveCfg = Release|Any CPU
		{3D1F5027-3F6E-46E5-949D-9EC06E8D4D83}.Release|Any CPU.Build.0 = Release|Any CPU
	EndGlobalSection
	GlobalSection(SolutionProperties) = preSolution
		HideSolutionNode = FALSE
	EndGlobalSection
	GlobalSection(ExtensibilityGlobals) = postSolution
		SolutionGuid = {7423F0EE-37C2-4E0B-AA97-4B6E9560F3AC}
	EndGlobalSection
EndGlobal
